
Microsoft Visual Studio Solution File, Format Version 12.00
# Visual Studio Version 17
VisualStudioVersion = 17.4.33110.190
MinimumVisualStudioVersion = 10.0.40219.1
Project("{9A19103F-16F7-4668-BE54-9A1E7A4F7556}") = "PhoneBookAPI", "PhoneBookAPI\PhoneBookAPI.csproj", "{FEDAB34A-5EFD-4C10-B2E9-35F5429E85AD}"
EndProject
Project("{E53339B2-1760-4266-BCC7-CA923CBCF16C}") = "docker-compose", "docker-compose.dcproj", "{C9A036A8-EDC1-4552-89F2-B8A2D41E3741}"
EndProject
Project("{FAE04EC0-301F-11D3-BF4B-00C04F79EFBC}") = "PhoneBookAPI.Tests", "..\PhoneBookAPI.Tests\PhoneBookAPI.Tests.csproj", "{287812C8-2D2B-4ED2-905C-197667BA6808}"
EndProject
Global
	GlobalSection(SolutionConfigurationPlatforms) = preSolution
		Debug|Any CPU = Debug|Any CPU
		Release|Any CPU = Release|Any CPU
	EndGlobalSection
	GlobalSection(ProjectConfigurationPlatforms) = postSolution
		{FEDAB34A-5EFD-4C10-B2E9-35F5429E85AD}.Debug|Any CPU.ActiveCfg = Debug|Any CPU
		{FEDAB34A-5EFD-4C10-B2E9-35F5429E85AD}.Debug|Any CPU.Build.0 = Debug|Any CPU
		{FEDAB34A-5EFD-4C10-B2E9-35F5429E85AD}.Release|Any CPU.ActiveCfg = Release|Any CPU
		{FEDAB34A-5EFD-4C10-B2E9-35F5429E85AD}.Release|Any CPU.Build.0 = Release|Any CPU
		{C9A036A8-EDC1-4552-89F2-B8A2D41E3741}.Debug|Any CPU.ActiveCfg = Debug|Any CPU
		{C9A036A8-EDC1-4552-89F2-B8A2D41E3741}.Debug|Any CPU.Build.0 = Debug|Any CPU
		{C9A036A8-EDC1-4552-89F2-B8A2D41E3741}.Release|Any CPU.ActiveCfg = Release|Any CPU
		{C9A036A8-EDC1-4552-89F2-B8A2D41E3741}.Release|Any CPU.Build.0 = Release|Any CPU
		{287812C8-2D2B-4ED2-905C-197667BA6808}.Debug|Any CPU.ActiveCfg = Debug|Any CPU
		{287812C8-2D2B-4ED2-905C-197667BA6808}.Debug|Any CPU.Build.0 = Debug|Any CPU
		{287812C8-2D2B-4ED2-905C-197667BA6808}.Release|Any CPU.ActiveCfg = Release|Any CPU
		{287812C8-2D2B-4ED2-905C-197667BA6808}.Release|Any CPU.Build.0 = Release|Any CPU
	EndGlobalSection
	GlobalSection(SolutionProperties) = preSolution
		HideSolutionNode = FALSE
	EndGlobalSection
	GlobalSection(ExtensibilityGlobals) = postSolution
		SolutionGuid = {C6D5E408-68D7-4795-90FA-26FF84B86EFD}
	EndGlobalSection
EndGlobal
